// !$*UTF8*$!
{
	archiveVersion = 1;
	classes = {
	};
	objectVersion = 48;
	objects = {

/* Begin PBXBuildFile section */
		39E3413918DE35CC6808DB97 /* Pods_ToDoList.framework in Frameworks */ = {isa = PBXBuildFile; fileRef = 1780368DE7386BDBF84577AE /* Pods_ToDoList.framework */; };
		88C001391FEBE4C600B708B0 /* CategoryViewController.swift in Sources */ = {isa = PBXBuildFile; fileRef = 88C001381FEBE4C600B708B0 /* CategoryViewController.swift */; };
		88C0013D1FEC268700B708B0 /* Item.swift in Sources */ = {isa = PBXBuildFile; fileRef = 88C0013C1FEC268700B708B0 /* Item.swift */; };
		88C0013F1FEC26AC00B708B0 /* Category.swift in Sources */ = {isa = PBXBuildFile; fileRef = 88C0013E1FEC26AC00B708B0 /* Category.swift */; };
		88EB3DCE1FE9C457001506AE /* AppDelegate.swift in Sources */ = {isa = PBXBuildFile; fileRef = 88EB3DCD1FE9C457001506AE /* AppDelegate.swift */; };
		88EB3DD01FE9C457001506AE /* ToDoListViewController.swift in Sources */ = {isa = PBXBuildFile; fileRef = 88EB3DCF1FE9C457001506AE /* ToDoListViewController.swift */; };
		88EB3DD31FE9C457001506AE /* Main.storyboard in Resources */ = {isa = PBXBuildFile; fileRef = 88EB3DD11FE9C457001506AE /* Main.storyboard */; };
		88EB3DD81FE9C457001506AE /* LaunchScreen.storyboard in Resources */ = {isa = PBXBuildFile; fileRef = 88EB3DD61FE9C457001506AE /* LaunchScreen.storyboard */; };
		88F8BCF11FECA42B000D1DF5 /* Media.xcassets in Resources */ = {isa = PBXBuildFile; fileRef = 88F8BCF01FECA42B000D1DF5 /* Media.xcassets */; };
		88F8BD111FECA4AE000D1DF5 /* Assets.xcassets in Resources */ = {isa = PBXBuildFile; fileRef = 88F8BD101FECA4AE000D1DF5 /* Assets.xcassets */; };
/* End PBXBuildFile section */

/* Begin PBXFileReference section */
		1780368DE7386BDBF84577AE /* Pods_ToDoList.framework */ = {isa = PBXFileReference; explicitFileType = wrapper.framework; includeInIndex = 0; path = Pods_ToDoList.framework; sourceTree = BUILT_PRODUCTS_DIR; };
		868F674F2FC9CC5BB8C71D50 /* Pods-ToDoList.debug.xcconfig */ = {isa = PBXFileReference; includeInIndex = 1; lastKnownFileType = text.xcconfig; name = "Pods-ToDoList.debug.xcconfig"; path = "Pods/Target Support Files/Pods-ToDoList/Pods-ToDoList.debug.xcconfig"; sourceTree = "<group>"; };
		88C001381FEBE4C600B708B0 /* CategoryViewController.swift */ = {isa = PBXFileReference; lastKnownFileType = sourcecode.swift; path = CategoryViewController.swift; sourceTree = "<group>"; };
		88C0013C1FEC268700B708B0 /* Item.swift */ = {isa = PBXFileReference; lastKnownFileType = sourcecode.swift; path = Item.swift; sourceTree = "<group>"; };
		88C0013E1FEC26AC00B708B0 /* Category.swift */ = {isa = PBXFileReference; lastKnownFileType = sourcecode.swift; path = Category.swift; sourceTree = "<group>"; };
		88EB3DCA1FE9C457001506AE /* ToDoList.app */ = {isa = PBXFileReference; explicitFileType = wrapper.application; includeInIndex = 0; path = ToDoList.app; sourceTree = BUILT_PRODUCTS_DIR; };
		88EB3DCD1FE9C457001506AE /* AppDelegate.swift */ = {isa = PBXFileReference; lastKnownFileType = sourcecode.swift; path = AppDelegate.swift; sourceTree = "<group>"; };
		88EB3DCF1FE9C457001506AE /* ToDoListViewController.swift */ = {isa = PBXFileReference; lastKnownFileType = sourcecode.swift; path = ToDoListViewController.swift; sourceTree = "<group>"; };
		88EB3DD21FE9C457001506AE /* Base */ = {isa = PBXFileReference; lastKnownFileType = file.storyboard; name = Base; path = Base.lproj/Main.storyboard; sourceTree = "<group>"; };
		88EB3DD71FE9C457001506AE /* Base */ = {isa = PBXFileReference; lastKnownFileType = file.storyboard; name = Base; path = Base.lproj/LaunchScreen.storyboard; sourceTree = "<group>"; };
		88EB3DD91FE9C457001506AE /* Info.plist */ = {isa = PBXFileReference; lastKnownFileType = text.plist.xml; path = Info.plist; sourceTree = "<group>"; };
		88F8BCF01FECA42B000D1DF5 /* Media.xcassets */ = {isa = PBXFileReference; lastKnownFileType = folder.assetcatalog; path = Media.xcassets; sourceTree = "<group>"; };
		88F8BD101FECA4AE000D1DF5 /* Assets.xcassets */ = {isa = PBXFileReference; lastKnownFileType = folder.assetcatalog; path = Assets.xcassets; sourceTree = "<group>"; };
		99BBEEA3788B714281B7F1F7 /* Pods-ToDoList.release.xcconfig */ = {isa = PBXFileReference; includeInIndex = 1; lastKnownFileType = text.xcconfig; name = "Pods-ToDoList.release.xcconfig"; path = "Pods/Target Support Files/Pods-ToDoList/Pods-ToDoList.release.xcconfig"; sourceTree = "<group>"; };
/* End PBXFileReference section */

/* Begin PBXFrameworksBuildPhase section */
		88EB3DC71FE9C456001506AE /* Frameworks */ = {
			isa = PBXFrameworksBuildPhase;
			buildActionMask = 2147483647;
			files = (
				39E3413918DE35CC6808DB97 /* Pods_ToDoList.framework in Frameworks */,
			);
			runOnlyForDeploymentPostprocessing = 0;
		};
/* End PBXFrameworksBuildPhase section */

/* Begin PBXGroup section */
		101006F0E6AFF46424D32F78 /* Pods */ = {
			isa = PBXGroup;
			children = (
				868F674F2FC9CC5BB8C71D50 /* Pods-ToDoList.debug.xcconfig */,
				99BBEEA3788B714281B7F1F7 /* Pods-ToDoList.release.xcconfig */,
			);
			name = Pods;
			sourceTree = "<group>";
		};
		88EB3DC11FE9C456001506AE = {
			isa = PBXGroup;
			children = (
				88EB3DCC1FE9C457001506AE /* ToDoList */,
				88EB3DCB1FE9C457001506AE /* Products */,
				101006F0E6AFF46424D32F78 /* Pods */,
				8F9A4FEC0E643BEF114D9097 /* Frameworks */,
			);
			sourceTree = "<group>";
		};
		88EB3DCB1FE9C457001506AE /* Products */ = {
			isa = PBXGroup;
			children = (
				88EB3DCA1FE9C457001506AE /* ToDoList.app */,
			);
			name = Products;
			sourceTree = "<group>";
		};
		88EB3DCC1FE9C457001506AE /* ToDoList */ = {
			isa = PBXGroup;
			children = (
				88EB3DE31FE9E297001506AE /* Views */,
				88EB3DE21FE9E27D001506AE /* Controllers */,
				88EB3DE11FE9E24F001506AE /* Data Model */,
				88EB3DCD1FE9C457001506AE /* AppDelegate.swift */,
				88EB3DD11FE9C457001506AE /* Main.storyboard */,
				88EB3DD61FE9C457001506AE /* LaunchScreen.storyboard */,
				88F8BD101FECA4AE000D1DF5 /* Assets.xcassets */,
				88EB3DD91FE9C457001506AE /* Info.plist */,
				88F8BCF01FECA42B000D1DF5 /* Media.xcassets */,
			);
			path = ToDoList;
			sourceTree = "<group>";
		};
		88EB3DE11FE9E24F001506AE /* Data Model */ = {
			isa = PBXGroup;
			children = (
				88C0013C1FEC268700B708B0 /* Item.swift */,
				88C0013E1FEC26AC00B708B0 /* Category.swift */,
			);
			path = "Data Model";
			sourceTree = "<group>";
		};
		88EB3DE21FE9E27D001506AE /* Controllers */ = {
			isa = PBXGroup;
			children = (
				88C001381FEBE4C600B708B0 /* CategoryViewController.swift */,
				88EB3DCF1FE9C457001506AE /* ToDoListViewController.swift */,
			);
			path = Controllers;
			sourceTree = "<group>";
		};
		88EB3DE31FE9E297001506AE /* Views */ = {
			isa = PBXGroup;
			children = (
			);
			path = Views;
			sourceTree = "<group>";
		};
		8F9A4FEC0E643BEF114D9097 /* Frameworks */ = {
			isa = PBXGroup;
			children = (
				1780368DE7386BDBF84577AE /* Pods_ToDoList.framework */,
			);
			name = Frameworks;
			sourceTree = "<group>";
		};
/* End PBXGroup section */

/* Begin PBXNativeTarget section */
		88EB3DC91FE9C456001506AE /* ToDoList */ = {
			isa = PBXNativeTarget;
			buildConfigurationList = 88EB3DDC1FE9C457001506AE /* Build configuration list for PBXNativeTarget "ToDoList" */;
			buildPhases = (
				3538AA2C5AE6B279B354264E /* [CP] Check Pods Manifest.lock */,
				88EB3DC61FE9C456001506AE /* Sources */,
				88EB3DC71FE9C456001506AE /* Frameworks */,
				88EB3DC81FE9C456001506AE /* Resources */,
				BFE7DEDA017903B5F5FBD03B /* [CP] Embed Pods Frameworks */,
				B0306C9F11B4A28D86B12B7F /* [CP] Copy Pods Resources */,
			);
			buildRules = (
			);
			dependencies = (
			);
			name = ToDoList;
			productName = ToDoList;
			productReference = 88EB3DCA1FE9C457001506AE /* ToDoList.app */;
			productType = "com.apple.product-type.application";
		};
/* End PBXNativeTarget section */

/* Begin PBXProject section */
		88EB3DC21FE9C456001506AE /* Project object */ = {
			isa = PBXProject;
			attributes = {
				LastSwiftUpdateCheck = 0920;
				LastUpgradeCheck = 0920;
				ORGANIZATIONNAME = Ljubomir;
				TargetAttributes = {
					88EB3DC91FE9C456001506AE = {
						CreatedOnToolsVersion = 9.2;
						ProvisioningStyle = Automatic;
					};
				};
			};
			buildConfigurationList = 88EB3DC51FE9C456001506AE /* Build configuration list for PBXProject "ToDoList" */;
			compatibilityVersion = "Xcode 8.0";
			developmentRegion = en;
			hasScannedForEncodings = 0;
			knownRegions = (
				en,
				Base,
			);
			mainGroup = 88EB3DC11FE9C456001506AE;
			productRefGroup = 88EB3DCB1FE9C457001506AE /* Products */;
			projectDirPath = "";
			projectRoot = "";
			targets = (
				88EB3DC91FE9C456001506AE /* ToDoList */,
			);
		};
/* End PBXProject section */

/* Begin PBXResourcesBuildPhase section */
		88EB3DC81FE9C456001506AE /* Resources */ = {
			isa = PBXResourcesBuildPhase;
			buildActionMask = 2147483647;
			files = (
				88EB3DD81FE9C457001506AE /* LaunchScreen.storyboard in Resources */,
				88F8BCF11FECA42B000D1DF5 /* Media.xcassets in Resources */,
				88F8BD111FECA4AE000D1DF5 /* Assets.xcassets in Resources */,
				88EB3DD31FE9C457001506AE /* Main.storyboard in Resources */,
			);
			runOnlyForDeploymentPostprocessing = 0;
		};
/* End PBXResourcesBuildPhase section */

/* Begin PBXShellScriptBuildPhase section */
		3538AA2C5AE6B279B354264E /* [CP] Check Pods Manifest.lock */ = {
			isa = PBXShellScriptBuildPhase;
			buildActionMask = 2147483647;
			files = (
			);
			inputPaths = (
			);
			name = "[CP] Check Pods Manifest.lock";
			outputPaths = (
			);
			runOnlyForDeploymentPostprocessing = 0;
			shellPath = /bin/sh;
			shellScript = "diff \"${PODS_ROOT}/../Podfile.lock\" \"${PODS_ROOT}/Manifest.lock\" > /dev/null\nif [ $? != 0 ] ; then\n    # print error to STDERR\n    echo \"error: The sandbox is not in sync with the Podfile.lock. Run 'pod install' or update your CocoaPods installation.\" >&2\n    exit 1\nfi\n";
			showEnvVarsInLog = 0;
		};
		B0306C9F11B4A28D86B12B7F /* [CP] Copy Pods Resources */ = {
			isa = PBXShellScriptBuildPhase;
			buildActionMask = 2147483647;
			files = (
			);
			inputPaths = (
			);
			name = "[CP] Copy Pods Resources";
			outputPaths = (
			);
			runOnlyForDeploymentPostprocessing = 0;
			shellPath = /bin/sh;
			shellScript = "\"${SRCROOT}/Pods/Target Support Files/Pods-ToDoList/Pods-ToDoList-resources.sh\"\n";
			showEnvVarsInLog = 0;
		};
		BFE7DEDA017903B5F5FBD03B /* [CP] Embed Pods Frameworks */ = {
			isa = PBXShellScriptBuildPhase;
			buildActionMask = 2147483647;
			files = (
			);
			inputPaths = (
			);
			name = "[CP] Embed Pods Frameworks";
			outputPaths = (
			);
			runOnlyForDeploymentPostprocessing = 0;
			shellPath = /bin/sh;
			shellScript = "\"${SRCROOT}/Pods/Target Support Files/Pods-ToDoList/Pods-ToDoList-frameworks.sh\"\n";
			showEnvVarsInLog = 0;
		};
/* End PBXShellScriptBuildPhase section */

/* Begin PBXSourcesBuildPhase section */
		88EB3DC61FE9C456001506AE /* Sources */ = {
			isa = PBXSourcesBuildPhase;
			buildActionMask = 2147483647;
			files = (
				88C0013D1FEC268700B708B0 /* Item.swift in Sources */,
				88C001391FEBE4C600B708B0 /* CategoryViewController.swift in Sources */,
				88EB3DD01FE9C457001506AE /* ToDoListViewController.swift in Sources */,
				88EB3DCE1FE9C457001506AE /* AppDelegate.swift in Sources */,
				88C0013F1FEC26AC00B708B0 /* Category.swift in Sources */,
			);
			runOnlyForDeploymentPostprocessing = 0;
		};
/* End PBXSourcesBuildPhase section */

/* Begin PBXVariantGroup section */
		88EB3DD11FE9C457001506AE /* Main.storyboard */ = {
			isa = PBXVariantGroup;
			children = (
				88EB3DD21FE9C457001506AE /* Base */,
			);
			name = Main.storyboard;
			sourceTree = "<group>";
		};
		88EB3DD61FE9C457001506AE /* LaunchScreen.storyboard */ = {
			isa = PBXVariantGroup;
			children = (
				88EB3DD71FE9C457001506AE /* Base */,
			);
			name = LaunchScreen.storyboard;
			sourceTree = "<group>";
		};
/* End PBXVariantGroup section */

/* Begin XCBuildConfiguration section */
		88EB3DDA1FE9C457001506AE /* Debug */ = {
			isa = XCBuildConfiguration;
			buildSettings = {
				ALWAYS_SEARCH_USER_PATHS = NO;
				CLANG_ANALYZER_NONNULL = YES;
				CLANG_ANALYZER_NUMBER_OBJECT_CONVERSION = YES_AGGRESSIVE;
				CLANG_CXX_LANGUAGE_STANDARD = "gnu++14";
				CLANG_CXX_LIBRARY = "libc++";
				CLANG_ENABLE_MODULES = YES;
				CLANG_ENABLE_OBJC_ARC = YES;
				CLANG_WARN_BLOCK_CAPTURE_AUTORELEASING = YES;
				CLANG_WARN_BOOL_CONVERSION = YES;
				CLANG_WARN_COMMA = YES;
				CLANG_WARN_CONSTANT_CONVERSION = YES;
				CLANG_WARN_DIRECT_OBJC_ISA_USAGE = YES_ERROR;
				CLANG_WARN_DOCUMENTATION_COMMENTS = YES;
				CLANG_WARN_EMPTY_BODY = YES;
				CLANG_WARN_ENUM_CONVERSION = YES;
				CLANG_WARN_INFINITE_RECURSION = YES;
				CLANG_WARN_INT_CONVERSION = YES;
				CLANG_WARN_NON_LITERAL_NULL_CONVERSION = YES;
				CLANG_WARN_OBJC_LITERAL_CONVERSION = YES;
				CLANG_WARN_OBJC_ROOT_CLASS = YES_ERROR;
				CLANG_WARN_RANGE_LOOP_ANALYSIS = YES;
				CLANG_WARN_STRICT_PROTOTYPES = YES;
				CLANG_WARN_SUSPICIOUS_MOVE = YES;
				CLANG_WARN_UNGUARDED_AVAILABILITY = YES_AGGRESSIVE;
				CLANG_WARN_UNREACHABLE_CODE = YES;
				CLANG_WARN__DUPLICATE_METHOD_MATCH = YES;
				CODE_SIGN_IDENTITY = "iPhone Developer";
				COPY_PHASE_STRIP = NO;
				DEBUG_INFORMATION_FORMAT = dwarf;
				ENABLE_STRICT_OBJC_MSGSEND = YES;
				ENABLE_TESTABILITY = YES;
				GCC_C_LANGUAGE_STANDARD = gnu11;
				GCC_DYNAMIC_NO_PIC = NO;
				GCC_NO_COMMON_BLOCKS = YES;
				GCC_OPTIMIZATION_LEVEL = 0;
				GCC_PREPROCESSOR_DEFINITIONS = (
					"DEBUG=1",
					"$(inherited)",
				);
				GCC_WARN_64_TO_32_BIT_CONVERSION = YES;
				GCC_WARN_ABOUT_RETURN_TYPE = YES_ERROR;
				GCC_WARN_UNDECLARED_SELECTOR = YES;
				GCC_WARN_UNINITIALIZED_AUTOS = YES_AGGRESSIVE;
				GCC_WARN_UNUSED_FUNCTION = YES;
				GCC_WARN_UNUSED_VARIABLE = YES;
				IPHONEOS_DEPLOYMENT_TARGET = 11.2;
				MTL_ENABLE_DEBUG_INFO = YES;
				ONLY_ACTIVE_ARCH = YES;
				SDKROOT = iphoneos;
				SWIFT_ACTIVE_COMPILATION_CONDITIONS = DEBUG;
				SWIFT_OPTIMIZATION_LEVEL = "-Onone";
			};
			name = Debug;
		};
		88EB3DDB1FE9C457001506AE /* Release */ = {
			isa = XCBuildConfiguration;
			buildSettings = {
				ALWAYS_SEARCH_USER_PATHS = NO;
				CLANG_ANALYZER_NONNULL = YES;
				CLANG_ANALYZER_NUMBER_OBJECT_CONVERSION = YES_AGGRESSIVE;
				CLANG_CXX_LANGUAGE_STANDARD = "gnu++14";
				CLANG_CXX_LIBRARY = "libc++";
				CLANG_ENABLE_MODULES = YES;
				CLANG_ENABLE_OBJC_ARC = YES;
				CLANG_WARN_BLOCK_CAPTURE_AUTORELEASING = YES;
				CLANG_WARN_BOOL_CONVERSION = YES;
				CLANG_WARN_COMMA = YES;
				CLANG_WARN_CONSTANT_CONVERSION = YES;
				CLANG_WARN_DIRECT_OBJC_ISA_USAGE = YES_ERROR;
				CLANG_WARN_DOCUMENTATION_COMMENTS = YES;
				CLANG_WARN_EMPTY_BODY = YES;
				CLANG_WARN_ENUM_CONVERSION = YES;
				CLANG_WARN_INFINITE_RECURSION = YES;
				CLANG_WARN_INT_CONVERSION = YES;
				CLANG_WARN_NON_LITERAL_NULL_CONVERSION = YES;
				CLANG_WARN_OBJC_LITERAL_CONVERSION = YES;
				CLANG_WARN_OBJC_ROOT_CLASS = YES_ERROR;
				CLANG_WARN_RANGE_LOOP_ANALYSIS = YES;
				CLANG_WARN_STRICT_PROTOTYPES = YES;
				CLANG_WARN_SUSPICIOUS_MOVE = YES;
				CLANG_WARN_UNGUARDED_AVAILABILITY = YES_AGGRESSIVE;
				CLANG_WARN_UNREACHABLE_CODE = YES;
				CLANG_WARN__DUPLICATE_METHOD_MATCH = YES;
				CODE_SIGN_IDENTITY = "iPhone Developer";
				COPY_PHASE_STRIP = NO;
				DEBUG_INFORMATION_FORMAT = "dwarf-with-dsym";
				ENABLE_NS_ASSERTIONS = NO;
				ENABLE_STRICT_OBJC_MSGSEND = YES;
				GCC_C_LANGUAGE_STANDARD = gnu11;
				GCC_NO_COMMON_BLOCKS = YES;
				GCC_WARN_64_TO_32_BIT_CONVERSION = YES;
				GCC_WARN_ABOUT_RETURN_TYPE = YES_ERROR;
				GCC_WARN_UNDECLARED_SELECTOR = YES;
				GCC_WARN_UNINITIALIZED_AUTOS = YES_AGGRESSIVE;
				GCC_WARN_UNUSED_FUNCTION = YES;
				GCC_WARN_UNUSED_VARIABLE = YES;
				IPHONEOS_DEPLOYMENT_TARGET = 11.2;
				MTL_ENABLE_DEBUG_INFO = NO;
				SDKROOT = iphoneos;
				SWIFT_OPTIMIZATION_LEVEL = "-Owholemodule";
				VALIDATE_PRODUCT = YES;
			};
			name = Release;
		};
		88EB3DDD1FE9C457001506AE /* Debug */ = {
			isa = XCBuildConfiguration;
			baseConfigurationReference = 868F674F2FC9CC5BB8C71D50 /* Pods-ToDoList.debug.xcconfig */;
			buildSettings = {
				ASSETCATALOG_COMPILER_APPICON_NAME = AppIcon;
				CODE_SIGN_STYLE = Automatic;
				DEVELOPMENT_TEAM = 4A2FYRX62X;
				INFOPLIST_FILE = ToDoList/Info.plist;
				LD_RUNPATH_SEARCH_PATHS = "$(inherited) @executable_path/Frameworks";
				PRODUCT_BUNDLE_IDENTIFIER = com.Ljubomir.ToDoList;
				PRODUCT_NAME = "$(TARGET_NAME)";
				SWIFT_VERSION = 4.0;
				TARGETED_DEVICE_FAMILY = "1,2";
			};
			name = Debug;
		};
		88EB3DDE1FE9C457001506AE /* Release */ = {
			isa = XCBuildConfiguration;
			baseConfigurationReference = 99BBEEA3788B714281B7F1F7 /* Pods-ToDoList.release.xcconfig */;
			buildSettings = {
				ASSETCATALOG_COMPILER_APPICON_NAME = AppIcon;
				CODE_SIGN_STYLE = Automatic;
				DEVELOPMENT_TEAM = 4A2FYRX62X;
				INFOPLIST_FILE = ToDoList/Info.plist;
				LD_RUNPATH_SEARCH_PATHS = "$(inherited) @executable_path/Frameworks";
				PRODUCT_BUNDLE_IDENTIFIER = com.Ljubomir.ToDoList;
				PRODUCT_NAME = "$(TARGET_NAME)";
				SWIFT_VERSION = 4.0;
				TARGETED_DEVICE_FAMILY = "1,2";
			};
			name = Release;
		};
/* End XCBuildConfiguration section */

/* Begin XCConfigurationList section */
		88EB3DC51FE9C456001506AE /* Build configuration list for PBXProject "ToDoList" */ = {
			isa = XCConfigurationList;
			buildConfigurations = (
				88EB3DDA1FE9C457001506AE /* Debug */,
				88EB3DDB1FE9C457001506AE /* Release */,
			);
			defaultConfigurationIsVisible = 0;
			defaultConfigurationName = Release;
		};
		88EB3DDC1FE9C457001506AE /* Build configuration list for PBXNativeTarget "ToDoList" */ = {
			isa = XCConfigurationList;
			buildConfigurations = (
				88EB3DDD1FE9C457001506AE /* Debug */,
				88EB3DDE1FE9C457001506AE /* Release */,
			);
			defaultConfigurationIsVisible = 0;
			defaultConfigurationName = Release;
		};
/* End XCConfigurationList section */
	};
	rootObject = 88EB3DC21FE9C456001506AE /* Project object */;
}
